
Microsoft Visual Studio Solution File, Format Version 12.00
# Visual Studio Version 17
VisualStudioVersion = 17.5.33530.505
MinimumVisualStudioVersion = 10.0.40219.1
Project("{FAE04EC0-301F-11D3-BF4B-00C04F79EFBC}") = "HomeWork_N3", "HomeWork_N3\HomeWork_N3.csproj", "{C67426CF-F96D-48DF-8A26-F18F317B50A0}"
EndProject
Global
	GlobalSection(SolutionConfigurationPlatforms) = preSolution
		Debug|Any CPU = Debug|Any CPU
		Release|Any CPU = Release|Any CPU
	EndGlobalSection
	GlobalSection(ProjectConfigurationPlatforms) = postSolution
		{C67426CF-F96D-48DF-8A26-F18F317B50A0}.Debug|Any CPU.ActiveCfg = Debug|Any CPU
		{C67426CF-F96D-48DF-8A26-F18F317B50A0}.Debug|Any CPU.Build.0 = Debug|Any CPU
		{C67426CF-F96D-48DF-8A26-F18F317B50A0}.Release|Any CPU.ActiveCfg = Release|Any CPU
		{C67426CF-F96D-48DF-8A26-F18F317B50A0}.Release|Any CPU.Build.0 = Release|Any CPU
	EndGlobalSection
	GlobalSection(SolutionProperties) = preSolution
		HideSolutionNode = FALSE
	EndGlobalSection
	GlobalSection(ExtensibilityGlobals) = postSolution
		SolutionGuid = {AC49A43E-A113-4E7E-B515-A8144DC4AA07}
	EndGlobalSection
EndGlobal
